
Microsoft Visual Studio Solution File, Format Version 12.00
# Visual Studio 15
VisualStudioVersion = 15.0.26430.16
MinimumVisualStudioVersion = 10.0.40219.1
Project("{FAE04EC0-301F-11D3-BF4B-00C04F79EFBC}") = "ConsoleApp", "ConsoleApp\ConsoleApp.csproj", "{62E23848-06D2-4733-9AC2-3594A65CC3E4}"
EndProject
Project("{FAE04EC0-301F-11D3-BF4B-00C04F79EFBC}") = "Core", "Core\Core.csproj", "{C8143EBC-C9A0-4181-B33D-0275094D9DA5}"
EndProject
Project("{FAE04EC0-301F-11D3-BF4B-00C04F79EFBC}") = "DataProviders", "DataProviders\DataProviders.csproj", "{995EFDB4-1A19-4C82-BADA-B31E5BAA9C90}"
EndProject
Project("{FAE04EC0-301F-11D3-BF4B-00C04F79EFBC}") = "AutoCompletion", "AutoСompletion\AutoCompletion.csproj", "{E631F3AC-C9B3-4E93-881C-CA509827FE7C}"
EndProject
Global
	GlobalSection(SolutionConfigurationPlatforms) = preSolution
		Debug|Any CPU = Debug|Any CPU
		Release|Any CPU = Release|Any CPU
	EndGlobalSection
	GlobalSection(ProjectConfigurationPlatforms) = postSolution
		{62E23848-06D2-4733-9AC2-3594A65CC3E4}.Debug|Any CPU.ActiveCfg = Debug|Any CPU
		{62E23848-06D2-4733-9AC2-3594A65CC3E4}.Debug|Any CPU.Build.0 = Debug|Any CPU
		{62E23848-06D2-4733-9AC2-3594A65CC3E4}.Release|Any CPU.ActiveCfg = Release|Any CPU
		{62E23848-06D2-4733-9AC2-3594A65CC3E4}.Release|Any CPU.Build.0 = Release|Any CPU
		{C8143EBC-C9A0-4181-B33D-0275094D9DA5}.Debug|Any CPU.ActiveCfg = Debug|Any CPU
		{C8143EBC-C9A0-4181-B33D-0275094D9DA5}.Debug|Any CPU.Build.0 = Debug|Any CPU
		{C8143EBC-C9A0-4181-B33D-0275094D9DA5}.Release|Any CPU.ActiveCfg = Release|Any CPU
		{C8143EBC-C9A0-4181-B33D-0275094D9DA5}.Release|Any CPU.Build.0 = Release|Any CPU
		{995EFDB4-1A19-4C82-BADA-B31E5BAA9C90}.Debug|Any CPU.ActiveCfg = Debug|Any CPU
		{995EFDB4-1A19-4C82-BADA-B31E5BAA9C90}.Debug|Any CPU.Build.0 = Debug|Any CPU
		{995EFDB4-1A19-4C82-BADA-B31E5BAA9C90}.Release|Any CPU.ActiveCfg = Release|Any CPU
		{995EFDB4-1A19-4C82-BADA-B31E5BAA9C90}.Release|Any CPU.Build.0 = Release|Any CPU
		{E631F3AC-C9B3-4E93-881C-CA509827FE7C}.Debug|Any CPU.ActiveCfg = Debug|Any CPU
		{E631F3AC-C9B3-4E93-881C-CA509827FE7C}.Debug|Any CPU.Build.0 = Debug|Any CPU
		{E631F3AC-C9B3-4E93-881C-CA509827FE7C}.Release|Any CPU.ActiveCfg = Release|Any CPU
		{E631F3AC-C9B3-4E93-881C-CA509827FE7C}.Release|Any CPU.Build.0 = Release|Any CPU
	EndGlobalSection
	GlobalSection(SolutionProperties) = preSolution
		HideSolutionNode = FALSE
	EndGlobalSection
EndGlobal
